// !$*UTF8*$!
{
	archiveVersion = 1;
	classes = {
	};
	objectVersion = 48;
	objects = {

/* Begin PBXBuildFile section */
		F6A827931FB3014000B1BDFF /* AppDelegate.m in Sources */ = {isa = PBXBuildFile; fileRef = F6A827921FB3014000B1BDFF /* AppDelegate.m */; };
		F6A827961FB3014000B1BDFF /* ViewController.m in Sources */ = {isa = PBXBuildFile; fileRef = F6A827951FB3014000B1BDFF /* ViewController.m */; };
		F6A827991FB3014000B1BDFF /* Main.storyboard in Resources */ = {isa = PBXBuildFile; fileRef = F6A827971FB3014000B1BDFF /* Main.storyboard */; };
		F6A8279B1FB3014000B1BDFF /* Assets.xcassets in Resources */ = {isa = PBXBuildFile; fileRef = F6A8279A1FB3014000B1BDFF /* Assets.xcassets */; };
		F6A8279E1FB3014000B1BDFF /* LaunchScreen.storyboard in Resources */ = {isa = PBXBuildFile; fileRef = F6A8279C1FB3014000B1BDFF /* LaunchScreen.storyboard */; };
		F6A827A11FB3014000B1BDFF /* main.m in Sources */ = {isa = PBXBuildFile; fileRef = F6A827A01FB3014000B1BDFF /* main.m */; };
		F6A827AB1FB3014000B1BDFF /* FantasticPlayerTests.m in Sources */ = {isa = PBXBuildFile; fileRef = F6A827AA1FB3014000B1BDFF /* FantasticPlayerTests.m */; };
		F6A827B61FB3014000B1BDFF /* FantasticPlayerUITests.m in Sources */ = {isa = PBXBuildFile; fileRef = F6A827B51FB3014000B1BDFF /* FantasticPlayerUITests.m */; };
/* End PBXBuildFile section */

/* Begin PBXContainerItemProxy section */
		F6A827A71FB3014000B1BDFF /* PBXContainerItemProxy */ = {
			isa = PBXContainerItemProxy;
			containerPortal = F6A827861FB3014000B1BDFF /* Project object */;
			proxyType = 1;
			remoteGlobalIDString = F6A8278D1FB3014000B1BDFF;
			remoteInfo = FantasticPlayer;
		};
		F6A827B21FB3014000B1BDFF /* PBXContainerItemProxy */ = {
			isa = PBXContainerItemProxy;
			containerPortal = F6A827861FB3014000B1BDFF /* Project object */;
			proxyType = 1;
			remoteGlobalIDString = F6A8278D1FB3014000B1BDFF;
			remoteInfo = FantasticPlayer;
		};
/* End PBXContainerItemProxy section */

/* Begin PBXFileReference section */
		F6A8278E1FB3014000B1BDFF /* FantasticPlayer.app */ = {isa = PBXFileReference; explicitFileType = wrapper.application; includeInIndex = 0; path = FantasticPlayer.app; sourceTree = BUILT_PRODUCTS_DIR; };
		F6A827911FB3014000B1BDFF /* AppDelegate.h */ = {isa = PBXFileReference; lastKnownFileType = sourcecode.c.h; path = AppDelegate.h; sourceTree = "<group>"; };
		F6A827921FB3014000B1BDFF /* AppDelegate.m */ = {isa = PBXFileReference; lastKnownFileType = sourcecode.c.objc; path = AppDelegate.m; sourceTree = "<group>"; };
		F6A827941FB3014000B1BDFF /* ViewController.h */ = {isa = PBXFileReference; lastKnownFileType = sourcecode.c.h; path = ViewController.h; sourceTree = "<group>"; };
		F6A827951FB3014000B1BDFF /* ViewController.m */ = {isa = PBXFileReference; lastKnownFileType = sourcecode.c.objc; path = ViewController.m; sourceTree = "<group>"; };
		F6A827981FB3014000B1BDFF /* Base */ = {isa = PBXFileReference; lastKnownFileType = file.storyboard; name = Base; path = Base.lproj/Main.storyboard; sourceTree = "<group>"; };
		F6A8279A1FB3014000B1BDFF /* Assets.xcassets */ = {isa = PBXFileReference; lastKnownFileType = folder.assetcatalog; path = Assets.xcassets; sourceTree = "<group>"; };
		F6A8279D1FB3014000B1BDFF /* Base */ = {isa = PBXFileReference; lastKnownFileType = file.storyboard; name = Base; path = Base.lproj/LaunchScreen.storyboard; sourceTree = "<group>"; };
		F6A8279F1FB3014000B1BDFF /* Info.plist */ = {isa = PBXFileReference; lastKnownFileType = text.plist.xml; path = Info.plist; sourceTree = "<group>"; };
		F6A827A01FB3014000B1BDFF /* main.m */ = {isa = PBXFileReference; lastKnownFileType = sourcecode.c.objc; path = main.m; sourceTree = "<group>"; };
		F6A827A61FB3014000B1BDFF /* FantasticPlayerTests.xctest */ = {isa = PBXFileReference; explicitFileType = wrapper.cfbundle; includeInIndex = 0; path = FantasticPlayerTests.xctest; sourceTree = BUILT_PRODUCTS_DIR; };
		F6A827AA1FB3014000B1BDFF /* FantasticPlayerTests.m */ = {isa = PBXFileReference; lastKnownFileType = sourcecode.c.objc; path = FantasticPlayerTests.m; sourceTree = "<group>"; };
		F6A827AC1FB3014000B1BDFF /* Info.plist */ = {isa = PBXFileReference; lastKnownFileType = text.plist.xml; path = Info.plist; sourceTree = "<group>"; };
		F6A827B11FB3014000B1BDFF /* FantasticPlayerUITests.xctest */ = {isa = PBXFileReference; explicitFileType = wrapper.cfbundle; includeInIndex = 0; path = FantasticPlayerUITests.xctest; sourceTree = BUILT_PRODUCTS_DIR; };
		F6A827B51FB3014000B1BDFF /* FantasticPlayerUITests.m */ = {isa = PBXFileReference; lastKnownFileType = sourcecode.c.objc; path = FantasticPlayerUITests.m; sourceTree = "<group>"; };
		F6A827B71FB3014000B1BDFF /* Info.plist */ = {isa = PBXFileReference; lastKnownFileType = text.plist.xml; path = Info.plist; sourceTree = "<group>"; };
/* End PBXFileReference section */

/* Begin PBXFrameworksBuildPhase section */
		F6A8278B1FB3014000B1BDFF /* Frameworks */ = {
			isa = PBXFrameworksBuildPhase;
			buildActionMask = 2147483647;
			files = (
			);
			runOnlyForDeploymentPostprocessing = 0;
		};
		F6A827A31FB3014000B1BDFF /* Frameworks */ = {
			isa = PBXFrameworksBuildPhase;
			buildActionMask = 2147483647;
			files = (
			);
			runOnlyForDeploymentPostprocessing = 0;
		};
		F6A827AE1FB3014000B1BDFF /* Frameworks */ = {
			isa = PBXFrameworksBuildPhase;
			buildActionMask = 2147483647;
			files = (
			);
			runOnlyForDeploymentPostprocessing = 0;
		};
/* End PBXFrameworksBuildPhase section */

/* Begin PBXGroup section */
		F6A827851FB3014000B1BDFF = {
			isa = PBXGroup;
			children = (
				F6A827901FB3014000B1BDFF /* FantasticPlayer */,
				F6A827A91FB3014000B1BDFF /* FantasticPlayerTests */,
				F6A827B41FB3014000B1BDFF /* FantasticPlayerUITests */,
				F6A8278F1FB3014000B1BDFF /* Products */,
			);
			sourceTree = "<group>";
		};
		F6A8278F1FB3014000B1BDFF /* Products */ = {
			isa = PBXGroup;
			children = (
				F6A8278E1FB3014000B1BDFF /* FantasticPlayer.app */,
				F6A827A61FB3014000B1BDFF /* FantasticPlayerTests.xctest */,
				F6A827B11FB3014000B1BDFF /* FantasticPlayerUITests.xctest */,
			);
			name = Products;
			sourceTree = "<group>";
		};
		F6A827901FB3014000B1BDFF /* FantasticPlayer */ = {
			isa = PBXGroup;
			children = (
				F6A827911FB3014000B1BDFF /* AppDelegate.h */,
				F6A827921FB3014000B1BDFF /* AppDelegate.m */,
				F6A827941FB3014000B1BDFF /* ViewController.h */,
				F6A827951FB3014000B1BDFF /* ViewController.m */,
				F6A827971FB3014000B1BDFF /* Main.storyboard */,
				F6A8279A1FB3014000B1BDFF /* Assets.xcassets */,
				F6A8279C1FB3014000B1BDFF /* LaunchScreen.storyboard */,
				F6A8279F1FB3014000B1BDFF /* Info.plist */,
				F6A827A01FB3014000B1BDFF /* main.m */,
			);
			path = FantasticPlayer;
			sourceTree = "<group>";
		};
		F6A827A91FB3014000B1BDFF /* FantasticPlayerTests */ = {
			isa = PBXGroup;
			children = (
				F6A827AA1FB3014000B1BDFF /* FantasticPlayerTests.m */,
				F6A827AC1FB3014000B1BDFF /* Info.plist */,
			);
			path = FantasticPlayerTests;
			sourceTree = "<group>";
		};
		F6A827B41FB3014000B1BDFF /* FantasticPlayerUITests */ = {
			isa = PBXGroup;
			children = (
				F6A827B51FB3014000B1BDFF /* FantasticPlayerUITests.m */,
				F6A827B71FB3014000B1BDFF /* Info.plist */,
			);
			path = FantasticPlayerUITests;
			sourceTree = "<group>";
		};
/* End PBXGroup section */

/* Begin PBXNativeTarget section */
		F6A8278D1FB3014000B1BDFF /* FantasticPlayer */ = {
			isa = PBXNativeTarget;
			buildConfigurationList = F6A827BA1FB3014000B1BDFF /* Build configuration list for PBXNativeTarget "FantasticPlayer" */;
			buildPhases = (
				F6A8278A1FB3014000B1BDFF /* Sources */,
				F6A8278B1FB3014000B1BDFF /* Frameworks */,
				F6A8278C1FB3014000B1BDFF /* Resources */,
			);
			buildRules = (
			);
			dependencies = (
			);
			name = FantasticPlayer;
			productName = FantasticPlayer;
			productReference = F6A8278E1FB3014000B1BDFF /* FantasticPlayer.app */;
			productType = "com.apple.product-type.application";
		};
		F6A827A51FB3014000B1BDFF /* FantasticPlayerTests */ = {
			isa = PBXNativeTarget;
			buildConfigurationList = F6A827BD1FB3014000B1BDFF /* Build configuration list for PBXNativeTarget "FantasticPlayerTests" */;
			buildPhases = (
				F6A827A21FB3014000B1BDFF /* Sources */,
				F6A827A31FB3014000B1BDFF /* Frameworks */,
				F6A827A41FB3014000B1BDFF /* Resources */,
			);
			buildRules = (
			);
			dependencies = (
				F6A827A81FB3014000B1BDFF /* PBXTargetDependency */,
			);
			name = FantasticPlayerTests;
			productName = FantasticPlayerTests;
			productReference = F6A827A61FB3014000B1BDFF /* FantasticPlayerTests.xctest */;
			productType = "com.apple.product-type.bundle.unit-test";
		};
		F6A827B01FB3014000B1BDFF /* FantasticPlayerUITests */ = {
			isa = PBXNativeTarget;
			buildConfigurationList = F6A827C01FB3014000B1BDFF /* Build configuration list for PBXNativeTarget "FantasticPlayerUITests" */;
			buildPhases = (
				F6A827AD1FB3014000B1BDFF /* Sources */,
				F6A827AE1FB3014000B1BDFF /* Frameworks */,
				F6A827AF1FB3014000B1BDFF /* Resources */,
			);
			buildRules = (
			);
			dependencies = (
				F6A827B31FB3014000B1BDFF /* PBXTargetDependency */,
			);
			name = FantasticPlayerUITests;
			productName = FantasticPlayerUITests;
			productReference = F6A827B11FB3014000B1BDFF /* FantasticPlayerUITests.xctest */;
			productType = "com.apple.product-type.bundle.ui-testing";
		};
/* End PBXNativeTarget section */

/* Begin PBXProject section */
		F6A827861FB3014000B1BDFF /* Project object */ = {
			isa = PBXProject;
			attributes = {
				LastUpgradeCheck = 0910;
				ORGANIZATIONNAME = PTX;
				TargetAttributes = {
					F6A8278D1FB3014000B1BDFF = {
						CreatedOnToolsVersion = 9.1;
						ProvisioningStyle = Automatic;
					};
					F6A827A51FB3014000B1BDFF = {
						CreatedOnToolsVersion = 9.1;
						ProvisioningStyle = Automatic;
						TestTargetID = F6A8278D1FB3014000B1BDFF;
					};
					F6A827B01FB3014000B1BDFF = {
						CreatedOnToolsVersion = 9.1;
						ProvisioningStyle = Automatic;
						TestTargetID = F6A8278D1FB3014000B1BDFF;
					};
				};
			};
			buildConfigurationList = F6A827891FB3014000B1BDFF /* Build configuration list for PBXProject "FantasticPlayer" */;
			compatibilityVersion = "Xcode 8.0";
			developmentRegion = en;
			hasScannedForEncodings = 0;
			knownRegions = (
				en,
				Base,
			);
			mainGroup = F6A827851FB3014000B1BDFF;
			productRefGroup = F6A8278F1FB3014000B1BDFF /* Products */;
			projectDirPath = "";
			projectRoot = "";
			targets = (
				F6A8278D1FB3014000B1BDFF /* FantasticPlayer */,
				F6A827A51FB3014000B1BDFF /* FantasticPlayerTests */,
				F6A827B01FB3014000B1BDFF /* FantasticPlayerUITests */,
			);
		};
/* End PBXProject section */

/* Begin PBXResourcesBuildPhase section */
		F6A8278C1FB3014000B1BDFF /* Resources */ = {
			isa = PBXResourcesBuildPhase;
			buildActionMask = 2147483647;
			files = (
				F6A8279E1FB3014000B1BDFF /* LaunchScreen.storyboard in Resources */,
				F6A8279B1FB3014000B1BDFF /* Assets.xcassets in Resources */,
				F6A827991FB3014000B1BDFF /* Main.storyboard in Resources */,
			);
			runOnlyForDeploymentPostprocessing = 0;
		};
		F6A827A41FB3014000B1BDFF /* Resources */ = {
			isa = PBXResourcesBuildPhase;
			buildActionMask = 2147483647;
			files = (
			);
			runOnlyForDeploymentPostprocessing = 0;
		};
		F6A827AF1FB3014000B1BDFF /* Resources */ = {
			isa = PBXResourcesBuildPhase;
			buildActionMask = 2147483647;
			files = (
			);
			runOnlyForDeploymentPostprocessing = 0;
		};
/* End PBXResourcesBuildPhase section */

/* Begin PBXSourcesBuildPhase section */
		F6A8278A1FB3014000B1BDFF /* Sources */ = {
			isa = PBXSourcesBuildPhase;
			buildActionMask = 2147483647;
			files = (
				F6A827961FB3014000B1BDFF /* ViewController.m in Sources */,
				F6A827A11FB3014000B1BDFF /* main.m in Sources */,
				F6A827931FB3014000B1BDFF /* AppDelegate.m in Sources */,
			);
			runOnlyForDeploymentPostprocessing = 0;
		};
		F6A827A21FB3014000B1BDFF /* Sources */ = {
			isa = PBXSourcesBuildPhase;
			buildActionMask = 2147483647;
			files = (
				F6A827AB1FB3014000B1BDFF /* FantasticPlayerTests.m in Sources */,
			);
			runOnlyForDeploymentPostprocessing = 0;
		};
		F6A827AD1FB3014000B1BDFF /* Sources */ = {
			isa = PBXSourcesBuildPhase;
			buildActionMask = 2147483647;
			files = (
				F6A827B61FB3014000B1BDFF /* FantasticPlayerUITests.m in Sources */,
			);
			runOnlyForDeploymentPostprocessing = 0;
		};
/* End PBXSourcesBuildPhase section */

/* Begin PBXTargetDependency section */
		F6A827A81FB3014000B1BDFF /* PBXTargetDependency */ = {
			isa = PBXTargetDependency;
			target = F6A8278D1FB3014000B1BDFF /* FantasticPlayer */;
			targetProxy = F6A827A71FB3014000B1BDFF /* PBXContainerItemProxy */;
		};
		F6A827B31FB3014000B1BDFF /* PBXTargetDependency */ = {
			isa = PBXTargetDependency;
			target = F6A8278D1FB3014000B1BDFF /* FantasticPlayer */;
			targetProxy = F6A827B21FB3014000B1BDFF /* PBXContainerItemProxy */;
		};
/* End PBXTargetDependency section */

/* Begin PBXVariantGroup section */
		F6A827971FB3014000B1BDFF /* Main.storyboard */ = {
			isa = PBXVariantGroup;
			children = (
				F6A827981FB3014000B1BDFF /* Base */,
			);
			name = Main.storyboard;
			sourceTree = "<group>";
		};
		F6A8279C1FB3014000B1BDFF /* LaunchScreen.storyboard */ = {
			isa = PBXVariantGroup;
			children = (
				F6A8279D1FB3014000B1BDFF /* Base */,
			);
			name = LaunchScreen.storyboard;
			sourceTree = "<group>";
		};
/* End PBXVariantGroup section */

/* Begin XCBuildConfiguration section */
		F6A827B81FB3014000B1BDFF /* Debug */ = {
			isa = XCBuildConfiguration;
			buildSettings = {
				ALWAYS_SEARCH_USER_PATHS = NO;
				CLANG_ANALYZER_NONNULL = YES;
				CLANG_ANALYZER_NUMBER_OBJECT_CONVERSION = YES_AGGRESSIVE;
				CLANG_CXX_LANGUAGE_STANDARD = "gnu++14";
				CLANG_CXX_LIBRARY = "libc++";
				CLANG_ENABLE_MODULES = YES;
				CLANG_ENABLE_OBJC_ARC = YES;
				CLANG_WARN_BLOCK_CAPTURE_AUTORELEASING = YES;
				CLANG_WARN_BOOL_CONVERSION = YES;
				CLANG_WARN_COMMA = YES;
				CLANG_WARN_CONSTANT_CONVERSION = YES;
				CLANG_WARN_DIRECT_OBJC_ISA_USAGE = YES_ERROR;
				CLANG_WARN_DOCUMENTATION_COMMENTS = YES;
				CLANG_WARN_EMPTY_BODY = YES;
				CLANG_WARN_ENUM_CONVERSION = YES;
				CLANG_WARN_INFINITE_RECURSION = YES;
				CLANG_WARN_INT_CONVERSION = YES;
				CLANG_WARN_NON_LITERAL_NULL_CONVERSION = YES;
				CLANG_WARN_OBJC_LITERAL_CONVERSION = YES;
				CLANG_WARN_OBJC_ROOT_CLASS = YES_ERROR;
				CLANG_WARN_RANGE_LOOP_ANALYSIS = YES;
				CLANG_WARN_STRICT_PROTOTYPES = YES;
				CLANG_WARN_SUSPICIOUS_MOVE = YES;
				CLANG_WARN_UNGUARDED_AVAILABILITY = YES_AGGRESSIVE;
				CLANG_WARN_UNREACHABLE_CODE = YES;
				CLANG_WARN__DUPLICATE_METHOD_MATCH = YES;
				CODE_SIGN_IDENTITY = "iPhone Developer";
				COPY_PHASE_STRIP = NO;
				DEBUG_INFORMATION_FORMAT = dwarf;
				ENABLE_STRICT_OBJC_MSGSEND = YES;
				ENABLE_TESTABILITY = YES;
				GCC_C_LANGUAGE_STANDARD = gnu11;
				GCC_DYNAMIC_NO_PIC = NO;
				GCC_NO_COMMON_BLOCKS = YES;
				GCC_OPTIMIZATION_LEVEL = 0;
				GCC_PREPROCESSOR_DEFINITIONS = (
					"DEBUG=1",
					"$(inherited)",
				);
				GCC_WARN_64_TO_32_BIT_CONVERSION = YES;
				GCC_WARN_ABOUT_RETURN_TYPE = YES_ERROR;
				GCC_WARN_UNDECLARED_SELECTOR = YES;
				GCC_WARN_UNINITIALIZED_AUTOS = YES_AGGRESSIVE;
				GCC_WARN_UNUSED_FUNCTION = YES;
				GCC_WARN_UNUSED_VARIABLE = YES;
				IPHONEOS_DEPLOYMENT_TARGET = 11.1;
				MTL_ENABLE_DEBUG_INFO = YES;
				ONLY_ACTIVE_ARCH = YES;
				SDKROOT = iphoneos;
			};
			name = Debug;
		};
		F6A827B91FB3014000B1BDFF /* Release */ = {
			isa = XCBuildConfiguration;
			buildSettings = {
				ALWAYS_SEARCH_USER_PATHS = NO;
				CLANG_ANALYZER_NONNULL = YES;
				CLANG_ANALYZER_NUMBER_OBJECT_CONVERSION = YES_AGGRESSIVE;
				CLANG_CXX_LANGUAGE_STANDARD = "gnu++14";
				CLANG_CXX_LIBRARY = "libc++";
				CLANG_ENABLE_MODULES = YES;
				CLANG_ENABLE_OBJC_ARC = YES;
				CLANG_WARN_BLOCK_CAPTURE_AUTORELEASING = YES;
				CLANG_WARN_BOOL_CONVERSION = YES;
				CLANG_WARN_COMMA = YES;
				CLANG_WARN_CONSTANT_CONVERSION = YES;
				CLANG_WARN_DIRECT_OBJC_ISA_USAGE = YES_ERROR;
				CLANG_WARN_DOCUMENTATION_COMMENTS = YES;
				CLANG_WARN_EMPTY_BODY = YES;
				CLANG_WARN_ENUM_CONVERSION = YES;
				CLANG_WARN_INFINITE_RECURSION = YES;
				CLANG_WARN_INT_CONVERSION = YES;
				CLANG_WARN_NON_LITERAL_NULL_CONVERSION = YES;
				CLANG_WARN_OBJC_LITERAL_CONVERSION = YES;
				CLANG_WARN_OBJC_ROOT_CLASS = YES_ERROR;
				CLANG_WARN_RANGE_LOOP_ANALYSIS = YES;
				CLANG_WARN_STRICT_PROTOTYPES = YES;
				CLANG_WARN_SUSPICIOUS_MOVE = YES;
				CLANG_WARN_UNGUARDED_AVAILABILITY = YES_AGGRESSIVE;
				CLANG_WARN_UNREACHABLE_CODE = YES;
				CLANG_WARN__DUPLICATE_METHOD_MATCH = YES;
				CODE_SIGN_IDENTITY = "iPhone Developer";
				COPY_PHASE_STRIP = NO;
				DEBUG_INFORMATION_FORMAT = "dwarf-with-dsym";
				ENABLE_NS_ASSERTIONS = NO;
				ENABLE_STRICT_OBJC_MSGSEND = YES;
				GCC_C_LANGUAGE_STANDARD = gnu11;
				GCC_NO_COMMON_BLOCKS = YES;
				GCC_WARN_64_TO_32_BIT_CONVERSION = YES;
				GCC_WARN_ABOUT_RETURN_TYPE = YES_ERROR;
				GCC_WARN_UNDECLARED_SELECTOR = YES;
				GCC_WARN_UNINITIALIZED_AUTOS = YES_AGGRESSIVE;
				GCC_WARN_UNUSED_FUNCTION = YES;
				GCC_WARN_UNUSED_VARIABLE = YES;
				IPHONEOS_DEPLOYMENT_TARGET = 11.1;
				MTL_ENABLE_DEBUG_INFO = NO;
				SDKROOT = iphoneos;
				VALIDATE_PRODUCT = YES;
			};
			name = Release;
		};
		F6A827BB1FB3014000B1BDFF /* Debug */ = {
			isa = XCBuildConfiguration;
			buildSettings = {
				ASSETCATALOG_COMPILER_APPICON_NAME = AppIcon;
				CODE_SIGN_STYLE = Automatic;
				DEVELOPMENT_TEAM = 84FLDWE344;
				INFOPLIST_FILE = FantasticPlayer/Info.plist;
				LD_RUNPATH_SEARCH_PATHS = "$(inherited) @executable_path/Frameworks";
				PRODUCT_BUNDLE_IDENTIFIER = PTX.FantasticPlayer;
				PRODUCT_NAME = "$(TARGET_NAME)";
				TARGETED_DEVICE_FAMILY = "1,2";
			};
			name = Debug;
		};
		F6A827BC1FB3014000B1BDFF /* Release */ = {
			isa = XCBuildConfiguration;
			buildSettings = {
				ASSETCATALOG_COMPILER_APPICON_NAME = AppIcon;
				CODE_SIGN_STYLE = Automatic;
				DEVELOPMENT_TEAM = 84FLDWE344;
				INFOPLIST_FILE = FantasticPlayer/Info.plist;
				LD_RUNPATH_SEARCH_PATHS = "$(inherited) @executable_path/Frameworks";
				PRODUCT_BUNDLE_IDENTIFIER = PTX.FantasticPlayer;
				PRODUCT_NAME = "$(TARGET_NAME)";
				TARGETED_DEVICE_FAMILY = "1,2";
			};
			name = Release;
		};
		F6A827BE1FB3014000B1BDFF /* Debug */ = {
			isa = XCBuildConfiguration;
			buildSettings = {
				BUNDLE_LOADER = "$(TEST_HOST)";
				CODE_SIGN_STYLE = Automatic;
				DEVELOPMENT_TEAM = 84FLDWE344;
				INFOPLIST_FILE = FantasticPlayerTests/Info.plist;
				LD_RUNPATH_SEARCH_PATHS = "$(inherited) @executable_path/Frameworks @loader_path/Frameworks";
				PRODUCT_BUNDLE_IDENTIFIER = PTX.FantasticPlayerTests;
				PRODUCT_NAME = "$(TARGET_NAME)";
				TARGETED_DEVICE_FAMILY = "1,2";
				TEST_HOST = "$(BUILT_PRODUCTS_DIR)/FantasticPlayer.app/FantasticPlayer";
			};
			name = Debug;
		};
		F6A827BF1FB3014000B1BDFF /* Release */ = {
			isa = XCBuildConfiguration;
			buildSettings = {
				BUNDLE_LOADER = "$(TEST_HOST)";
				CODE_SIGN_STYLE = Automatic;
				DEVELOPMENT_TEAM = 84FLDWE344;
				INFOPLIST_FILE = FantasticPlayerTests/Info.plist;
				LD_RUNPATH_SEARCH_PATHS = "$(inherited) @executable_path/Frameworks @loader_path/Frameworks";
				PRODUCT_BUNDLE_IDENTIFIER = PTX.FantasticPlayerTests;
				PRODUCT_NAME = "$(TARGET_NAME)";
				TARGETED_DEVICE_FAMILY = "1,2";
				TEST_HOST = "$(BUILT_PRODUCTS_DIR)/FantasticPlayer.app/FantasticPlayer";
			};
			name = Release;
		};
		F6A827C11FB3014000B1BDFF /* Debug */ = {
			isa = XCBuildConfiguration;
			buildSettings = {
				CODE_SIGN_STYLE = Automatic;
				DEVELOPMENT_TEAM = 84FLDWE344;
				INFOPLIST_FILE = FantasticPlayerUITests/Info.plist;
				LD_RUNPATH_SEARCH_PATHS = "$(inherited) @executable_path/Frameworks @loader_path/Frameworks";
				PRODUCT_BUNDLE_IDENTIFIER = PTX.FantasticPlayerUITests;
				PRODUCT_NAME = "$(TARGET_NAME)";
				TARGETED_DEVICE_FAMILY = "1,2";
				TEST_TARGET_NAME = FantasticPlayer;
			};
			name = Debug;
		};
		F6A827C21FB3014000B1BDFF /* Release */ = {
			isa = XCBuildConfiguration;
			buildSettings = {
				CODE_SIGN_STYLE = Automatic;
				DEVELOPMENT_TEAM = 84FLDWE344;
				INFOPLIST_FILE = FantasticPlayerUITests/Info.plist;
				LD_RUNPATH_SEARCH_PATHS = "$(inherited) @executable_path/Frameworks @loader_path/Frameworks";
				PRODUCT_BUNDLE_IDENTIFIER = PTX.FantasticPlayerUITests;
				PRODUCT_NAME = "$(TARGET_NAME)";
				TARGETED_DEVICE_FAMILY = "1,2";
				TEST_TARGET_NAME = FantasticPlayer;
			};
			name = Release;
		};
/* End XCBuildConfiguration section */

/* Begin XCConfigurationList section */
		F6A827891FB3014000B1BDFF /* Build configuration list for PBXProject "FantasticPlayer" */ = {
			isa = XCConfigurationList;
			buildConfigurations = (
				F6A827B81FB3014000B1BDFF /* Debug */,
				F6A827B91FB3014000B1BDFF /* Release */,
			);
			defaultConfigurationIsVisible = 0;
			defaultConfigurationName = Release;
		};
		F6A827BA1FB3014000B1BDFF /* Build configuration list for PBXNativeTarget "FantasticPlayer" */ = {
			isa = XCConfigurationList;
			buildConfigurations = (
				F6A827BB1FB3014000B1BDFF /* Debug */,
				F6A827BC1FB3014000B1BDFF /* Release */,
			);
			defaultConfigurationIsVisible = 0;
			defaultConfigurationName = Release;
		};
		F6A827BD1FB3014000B1BDFF /* Build configuration list for PBXNativeTarget "FantasticPlayerTests" */ = {
			isa = XCConfigurationList;
			buildConfigurations = (
				F6A827BE1FB3014000B1BDFF /* Debug */,
				F6A827BF1FB3014000B1BDFF /* Release */,
			);
			defaultConfigurationIsVisible = 0;
			defaultConfigurationName = Release;
		};
		F6A827C01FB3014000B1BDFF /* Build configuration list for PBXNativeTarget "FantasticPlayerUITests" */ = {
			isa = XCConfigurationList;
			buildConfigurations = (
				F6A827C11FB3014000B1BDFF /* Debug */,
				F6A827C21FB3014000B1BDFF /* Release */,
			);
			defaultConfigurationIsVisible = 0;
			defaultConfigurationName = Release;
		};
/* End XCConfigurationList section */
	};
	rootObject = F6A827861FB3014000B1BDFF /* Project object */;
}
